// !$*UTF8*$!
{
	archiveVersion = 1;
	classes = {
	};
	objectVersion = 50;
	objects = {

/* Begin PBXBuildFile section */
		C14A19BF256E57E200B1CFAB /* AppDelegate.swift in Sources */ = {isa = PBXBuildFile; fileRef = C14A19BE256E57E200B1CFAB /* AppDelegate.swift */; };
		C14A19C1256E57E200B1CFAB /* SceneDelegate.swift in Sources */ = {isa = PBXBuildFile; fileRef = C14A19C0256E57E200B1CFAB /* SceneDelegate.swift */; };
		C14A19C3256E57E200B1CFAB /* TodoListViewController.swift in Sources */ = {isa = PBXBuildFile; fileRef = C14A19C2256E57E200B1CFAB /* TodoListViewController.swift */; };
		C14A19C6256E57E200B1CFAB /* Main.storyboard in Resources */ = {isa = PBXBuildFile; fileRef = C14A19C4256E57E200B1CFAB /* Main.storyboard */; };
		C14A19C8256E57E200B1CFAB /* Assets.xcassets in Resources */ = {isa = PBXBuildFile; fileRef = C14A19C7256E57E200B1CFAB /* Assets.xcassets */; };
		C14A19CB256E57E200B1CFAB /* LaunchScreen.storyboard in Resources */ = {isa = PBXBuildFile; fileRef = C14A19C9256E57E200B1CFAB /* LaunchScreen.storyboard */; };
		C14A19D5256E593D00B1CFAB /* K.swift in Sources */ = {isa = PBXBuildFile; fileRef = C14A19D4256E593D00B1CFAB /* K.swift */; };
		C14A19E2256FDF8A00B1CFAB /* DataModel.xcdatamodeld in Sources */ = {isa = PBXBuildFile; fileRef = C14A19E0256FDF8A00B1CFAB /* DataModel.xcdatamodeld */; };
		C1C84EA225751645004F4A3C /* CategoryViewController.swift in Sources */ = {isa = PBXBuildFile; fileRef = C1C84EA125751645004F4A3C /* CategoryViewController.swift */; };
/* End PBXBuildFile section */

/* Begin PBXFileReference section */
		C14A19BB256E57E200B1CFAB /* todoApp.app */ = {isa = PBXFileReference; explicitFileType = wrapper.application; includeInIndex = 0; path = todoApp.app; sourceTree = BUILT_PRODUCTS_DIR; };
		C14A19BE256E57E200B1CFAB /* AppDelegate.swift */ = {isa = PBXFileReference; lastKnownFileType = sourcecode.swift; path = AppDelegate.swift; sourceTree = "<group>"; };
		C14A19C0256E57E200B1CFAB /* SceneDelegate.swift */ = {isa = PBXFileReference; lastKnownFileType = sourcecode.swift; path = SceneDelegate.swift; sourceTree = "<group>"; };
		C14A19C2256E57E200B1CFAB /* TodoListViewController.swift */ = {isa = PBXFileReference; lastKnownFileType = sourcecode.swift; path = TodoListViewController.swift; sourceTree = "<group>"; };
		C14A19C5256E57E200B1CFAB /* Base */ = {isa = PBXFileReference; lastKnownFileType = file.storyboard; name = Base; path = Base.lproj/Main.storyboard; sourceTree = "<group>"; };
		C14A19C7256E57E200B1CFAB /* Assets.xcassets */ = {isa = PBXFileReference; lastKnownFileType = folder.assetcatalog; path = Assets.xcassets; sourceTree = "<group>"; };
		C14A19CA256E57E200B1CFAB /* Base */ = {isa = PBXFileReference; lastKnownFileType = file.storyboard; name = Base; path = Base.lproj/LaunchScreen.storyboard; sourceTree = "<group>"; };
		C14A19CC256E57E200B1CFAB /* Info.plist */ = {isa = PBXFileReference; lastKnownFileType = text.plist.xml; path = Info.plist; sourceTree = "<group>"; };
		C14A19D4256E593D00B1CFAB /* K.swift */ = {isa = PBXFileReference; lastKnownFileType = sourcecode.swift; path = K.swift; sourceTree = "<group>"; };
		C14A19E1256FDF8A00B1CFAB /* DataModel.xcdatamodel */ = {isa = PBXFileReference; lastKnownFileType = wrapper.xcdatamodel; path = DataModel.xcdatamodel; sourceTree = "<group>"; };
		C1C84EA125751645004F4A3C /* CategoryViewController.swift */ = {isa = PBXFileReference; lastKnownFileType = sourcecode.swift; path = CategoryViewController.swift; sourceTree = "<group>"; };
/* End PBXFileReference section */

/* Begin PBXFrameworksBuildPhase section */
		C14A19B8256E57E200B1CFAB /* Frameworks */ = {
			isa = PBXFrameworksBuildPhase;
			buildActionMask = 2147483647;
			files = (
			);
			runOnlyForDeploymentPostprocessing = 0;
		};
/* End PBXFrameworksBuildPhase section */

/* Begin PBXGroup section */
		C14A19B2256E57E200B1CFAB = {
			isa = PBXGroup;
			children = (
				C14A19BD256E57E200B1CFAB /* todoApp */,
				C14A19BC256E57E200B1CFAB /* Products */,
			);
			sourceTree = "<group>";
		};
		C14A19BC256E57E200B1CFAB /* Products */ = {
			isa = PBXGroup;
			children = (
				C14A19BB256E57E200B1CFAB /* todoApp.app */,
			);
			name = Products;
			sourceTree = "<group>";
		};
		C14A19BD256E57E200B1CFAB /* todoApp */ = {
			isa = PBXGroup;
			children = (
				C14A19BE256E57E200B1CFAB /* AppDelegate.swift */,
				C14A19C0256E57E200B1CFAB /* SceneDelegate.swift */,
				C14A19DA256E82C000B1CFAB /* Model */,
				C14A19DB256E82C900B1CFAB /* View */,
				C14A19D8256E82B200B1CFAB /* Controller */,
				C14A19C7256E57E200B1CFAB /* Assets.xcassets */,
				C14A19C9256E57E200B1CFAB /* LaunchScreen.storyboard */,
				C14A19CC256E57E200B1CFAB /* Info.plist */,
				C14A19D4256E593D00B1CFAB /* K.swift */,
			);
			path = todoApp;
			sourceTree = "<group>";
		};
		C14A19D8256E82B200B1CFAB /* Controller */ = {
			isa = PBXGroup;
			children = (
				C1C84EA125751645004F4A3C /* CategoryViewController.swift */,
				C14A19C2256E57E200B1CFAB /* TodoListViewController.swift */,
			);
			path = Controller;
			sourceTree = "<group>";
		};
		C14A19DA256E82C000B1CFAB /* Model */ = {
			isa = PBXGroup;
			children = (
				C14A19E0256FDF8A00B1CFAB /* DataModel.xcdatamodeld */,
			);
			path = Model;
			sourceTree = "<group>";
		};
		C14A19DB256E82C900B1CFAB /* View */ = {
			isa = PBXGroup;
			children = (
				C14A19C4256E57E200B1CFAB /* Main.storyboard */,
			);
			path = View;
			sourceTree = "<group>";
		};
/* End PBXGroup section */

/* Begin PBXNativeTarget section */
		C14A19BA256E57E200B1CFAB /* todoApp */ = {
			isa = PBXNativeTarget;
			buildConfigurationList = C14A19CF256E57E200B1CFAB /* Build configuration list for PBXNativeTarget "todoApp" */;
			buildPhases = (
				C14A19B7256E57E200B1CFAB /* Sources */,
				C14A19B8256E57E200B1CFAB /* Frameworks */,
				C14A19B9256E57E200B1CFAB /* Resources */,
			);
			buildRules = (
			);
			dependencies = (
			);
			name = todoApp;
			productName = todoApp;
			productReference = C14A19BB256E57E200B1CFAB /* todoApp.app */;
			productType = "com.apple.product-type.application";
		};
/* End PBXNativeTarget section */

/* Begin PBXProject section */
		C14A19B3256E57E200B1CFAB /* Project object */ = {
			isa = PBXProject;
			attributes = {
				LastSwiftUpdateCheck = 1220;
				LastUpgradeCheck = 1220;
				TargetAttributes = {
					C14A19BA256E57E200B1CFAB = {
						CreatedOnToolsVersion = 12.2;
					};
				};
			};
			buildConfigurationList = C14A19B6256E57E200B1CFAB /* Build configuration list for PBXProject "todoApp" */;
			compatibilityVersion = "Xcode 9.3";
			developmentRegion = en;
			hasScannedForEncodings = 0;
			knownRegions = (
				en,
				Base,
			);
			mainGroup = C14A19B2256E57E200B1CFAB;
			productRefGroup = C14A19BC256E57E200B1CFAB /* Products */;
			projectDirPath = "";
			projectRoot = "";
			targets = (
				C14A19BA256E57E200B1CFAB /* todoApp */,
			);
		};
/* End PBXProject section */

/* Begin PBXResourcesBuildPhase section */
		C14A19B9256E57E200B1CFAB /* Resources */ = {
			isa = PBXResourcesBuildPhase;
			buildActionMask = 2147483647;
			files = (
				C14A19CB256E57E200B1CFAB /* LaunchScreen.storyboard in Resources */,
				C14A19C8256E57E200B1CFAB /* Assets.xcassets in Resources */,
				C14A19C6256E57E200B1CFAB /* Main.storyboard in Resources */,
			);
			runOnlyForDeploymentPostprocessing = 0;
		};
/* End PBXResourcesBuildPhase section */

/* Begin PBXSourcesBuildPhase section */
		C14A19B7256E57E200B1CFAB /* Sources */ = {
			isa = PBXSourcesBuildPhase;
			buildActionMask = 2147483647;
			files = (
				C14A19C3256E57E200B1CFAB /* TodoListViewController.swift in Sources */,
				C14A19D5256E593D00B1CFAB /* K.swift in Sources */,
				C14A19E2256FDF8A00B1CFAB /* DataModel.xcdatamodeld in Sources */,
				C14A19BF256E57E200B1CFAB /* AppDelegate.swift in Sources */,
				C1C84EA225751645004F4A3C /* CategoryViewController.swift in Sources */,
				C14A19C1256E57E200B1CFAB /* SceneDelegate.swift in Sources */,
			);
			runOnlyForDeploymentPostprocessing = 0;
		};
/* End PBXSourcesBuildPhase section */

/* Begin PBXVariantGroup section */
		C14A19C4256E57E200B1CFAB /* Main.storyboard */ = {
			isa = PBXVariantGroup;
			children = (
				C14A19C5256E57E200B1CFAB /* Base */,
			);
			name = Main.storyboard;
			sourceTree = "<group>";
		};
		C14A19C9256E57E200B1CFAB /* LaunchScreen.storyboard */ = {
			isa = PBXVariantGroup;
			children = (
				C14A19CA256E57E200B1CFAB /* Base */,
			);
			name = LaunchScreen.storyboard;
			sourceTree = "<group>";
		};
/* End PBXVariantGroup section */

/* Begin XCBuildConfiguration section */
		C14A19CD256E57E200B1CFAB /* Debug */ = {
			isa = XCBuildConfiguration;
			buildSettings = {
				ALWAYS_SEARCH_USER_PATHS = NO;
				CLANG_ANALYZER_NONNULL = YES;
				CLANG_ANALYZER_NUMBER_OBJECT_CONVERSION = YES_AGGRESSIVE;
				CLANG_CXX_LANGUAGE_STANDARD = "gnu++14";
				CLANG_CXX_LIBRARY = "libc++";
				CLANG_ENABLE_MODULES = YES;
				CLANG_ENABLE_OBJC_ARC = YES;
				CLANG_ENABLE_OBJC_WEAK = YES;
				CLANG_WARN_BLOCK_CAPTURE_AUTORELEASING = YES;
				CLANG_WARN_BOOL_CONVERSION = YES;
				CLANG_WARN_COMMA = YES;
				CLANG_WARN_CONSTANT_CONVERSION = YES;
				CLANG_WARN_DEPRECATED_OBJC_IMPLEMENTATIONS = YES;
				CLANG_WARN_DIRECT_OBJC_ISA_USAGE = YES_ERROR;
				CLANG_WARN_DOCUMENTATION_COMMENTS = YES;
				CLANG_WARN_EMPTY_BODY = YES;
				CLANG_WARN_ENUM_CONVERSION = YES;
				CLANG_WARN_INFINITE_RECURSION = YES;
				CLANG_WARN_INT_CONVERSION = YES;
				CLANG_WARN_NON_LITERAL_NULL_CONVERSION = YES;
				CLANG_WARN_OBJC_IMPLICIT_RETAIN_SELF = YES;
				CLANG_WARN_OBJC_LITERAL_CONVERSION = YES;
				CLANG_WARN_OBJC_ROOT_CLASS = YES_ERROR;
				CLANG_WARN_QUOTED_INCLUDE_IN_FRAMEWORK_HEADER = YES;
				CLANG_WARN_RANGE_LOOP_ANALYSIS = YES;
				CLANG_WARN_STRICT_PROTOTYPES = YES;
				CLANG_WARN_SUSPICIOUS_MOVE = YES;
				CLANG_WARN_UNGUARDED_AVAILABILITY = YES_AGGRESSIVE;
				CLANG_WARN_UNREACHABLE_CODE = YES;
				CLANG_WARN__DUPLICATE_METHOD_MATCH = YES;
				COPY_PHASE_STRIP = NO;
				DEBUG_INFORMATION_FORMAT = dwarf;
				ENABLE_STRICT_OBJC_MSGSEND = YES;
				ENABLE_TESTABILITY = YES;
				GCC_C_LANGUAGE_STANDARD = gnu11;
				GCC_DYNAMIC_NO_PIC = NO;
				GCC_NO_COMMON_BLOCKS = YES;
				GCC_OPTIMIZATION_LEVEL = 0;
				GCC_PREPROCESSOR_DEFINITIONS = (
					"DEBUG=1",
					"$(inherited)",
				);
				GCC_WARN_64_TO_32_BIT_CONVERSION = YES;
				GCC_WARN_ABOUT_RETURN_TYPE = YES_ERROR;
				GCC_WARN_UNDECLARED_SELECTOR = YES;
				GCC_WARN_UNINITIALIZED_AUTOS = YES_AGGRESSIVE;
				GCC_WARN_UNUSED_FUNCTION = YES;
				GCC_WARN_UNUSED_VARIABLE = YES;
				IPHONEOS_DEPLOYMENT_TARGET = 14.2;
				MTL_ENABLE_DEBUG_INFO = INCLUDE_SOURCE;
				MTL_FAST_MATH = YES;
				ONLY_ACTIVE_ARCH = YES;
				SDKROOT = iphoneos;
				SWIFT_ACTIVE_COMPILATION_CONDITIONS = DEBUG;
				SWIFT_OPTIMIZATION_LEVEL = "-Onone";
			};
			name = Debug;
		};
		C14A19CE256E57E200B1CFAB /* Release */ = {
			isa = XCBuildConfiguration;
			buildSettings = {
				ALWAYS_SEARCH_USER_PATHS = NO;
				CLANG_ANALYZER_NONNULL = YES;
				CLANG_ANALYZER_NUMBER_OBJECT_CONVERSION = YES_AGGRESSIVE;
				CLANG_CXX_LANGUAGE_STANDARD = "gnu++14";
				CLANG_CXX_LIBRARY = "libc++";
				CLANG_ENABLE_MODULES = YES;
				CLANG_ENABLE_OBJC_ARC = YES;
				CLANG_ENABLE_OBJC_WEAK = YES;
				CLANG_WARN_BLOCK_CAPTURE_AUTORELEASING = YES;
				CLANG_WARN_BOOL_CONVERSION = YES;
				CLANG_WARN_COMMA = YES;
				CLANG_WARN_CONSTANT_CONVERSION = YES;
				CLANG_WARN_DEPRECATED_OBJC_IMPLEMENTATIONS = YES;
				CLANG_WARN_DIRECT_OBJC_ISA_USAGE = YES_ERROR;
				CLANG_WARN_DOCUMENTATION_COMMENTS = YES;
				CLANG_WARN_EMPTY_BODY = YES;
				CLANG_WARN_ENUM_CONVERSION = YES;
				CLANG_WARN_INFINITE_RECURSION = YES;
				CLANG_WARN_INT_CONVERSION = YES;
				CLANG_WARN_NON_LITERAL_NULL_CONVERSION = YES;
				CLANG_WARN_OBJC_IMPLICIT_RETAIN_SELF = YES;
				CLANG_WARN_OBJC_LITERAL_CONVERSION = YES;
				CLANG_WARN_OBJC_ROOT_CLASS = YES_ERROR;
				CLANG_WARN_QUOTED_INCLUDE_IN_FRAMEWORK_HEADER = YES;
				CLANG_WARN_RANGE_LOOP_ANALYSIS = YES;
				CLANG_WARN_STRICT_PROTOTYPES = YES;
				CLANG_WARN_SUSPICIOUS_MOVE = YES;
				CLANG_WARN_UNGUARDED_AVAILABILITY = YES_AGGRESSIVE;
				CLANG_WARN_UNREACHABLE_CODE = YES;
				CLANG_WARN__DUPLICATE_METHOD_MATCH = YES;
				COPY_PHASE_STRIP = NO;
				DEBUG_INFORMATION_FORMAT = "dwarf-with-dsym";
				ENABLE_NS_ASSERTIONS = NO;
				ENABLE_STRICT_OBJC_MSGSEND = YES;
				GCC_C_LANGUAGE_STANDARD = gnu11;
				GCC_NO_COMMON_BLOCKS = YES;
				GCC_WARN_64_TO_32_BIT_CONVERSION = YES;
				GCC_WARN_ABOUT_RETURN_TYPE = YES_ERROR;
				GCC_WARN_UNDECLARED_SELECTOR = YES;
				GCC_WARN_UNINITIALIZED_AUTOS = YES_AGGRESSIVE;
				GCC_WARN_UNUSED_FUNCTION = YES;
				GCC_WARN_UNUSED_VARIABLE = YES;
				IPHONEOS_DEPLOYMENT_TARGET = 14.2;
				MTL_ENABLE_DEBUG_INFO = NO;
				MTL_FAST_MATH = YES;
				SDKROOT = iphoneos;
				SWIFT_COMPILATION_MODE = wholemodule;
				SWIFT_OPTIMIZATION_LEVEL = "-O";
				VALIDATE_PRODUCT = YES;
			};
			name = Release;
		};
		C14A19D0256E57E200B1CFAB /* Debug */ = {
			isa = XCBuildConfiguration;
			buildSettings = {
				ASSETCATALOG_COMPILER_APPICON_NAME = AppIcon;
				ASSETCATALOG_COMPILER_GLOBAL_ACCENT_COLOR_NAME = AccentColor;
				CODE_SIGN_STYLE = Automatic;
				INFOPLIST_FILE = todoApp/Info.plist;
				LD_RUNPATH_SEARCH_PATHS = (
					"$(inherited)",
					"@executable_path/Frameworks",
				);
				PRODUCT_BUNDLE_IDENTIFIER = com.markthieu.todoApp;
				PRODUCT_NAME = "$(TARGET_NAME)";
				SWIFT_VERSION = 5.0;
				TARGETED_DEVICE_FAMILY = "1,2";
			};
			name = Debug;
		};
		C14A19D1256E57E200B1CFAB /* Release */ = {
			isa = XCBuildConfiguration;
			buildSettings = {
				ASSETCATALOG_COMPILER_APPICON_NAME = AppIcon;
				ASSETCATALOG_COMPILER_GLOBAL_ACCENT_COLOR_NAME = AccentColor;
				CODE_SIGN_STYLE = Automatic;
				INFOPLIST_FILE = todoApp/Info.plist;
				LD_RUNPATH_SEARCH_PATHS = (
					"$(inherited)",
					"@executable_path/Frameworks",
				);
				PRODUCT_BUNDLE_IDENTIFIER = com.markthieu.todoApp;
				PRODUCT_NAME = "$(TARGET_NAME)";
				SWIFT_VERSION = 5.0;
				TARGETED_DEVICE_FAMILY = "1,2";
			};
			name = Release;
		};
/* End XCBuildConfiguration section */

/* Begin XCConfigurationList section */
		C14A19B6256E57E200B1CFAB /* Build configuration list for PBXProject "todoApp" */ = {
			isa = XCConfigurationList;
			buildConfigurations = (
				C14A19CD256E57E200B1CFAB /* Debug */,
				C14A19CE256E57E200B1CFAB /* Release */,
			);
			defaultConfigurationIsVisible = 0;
			defaultConfigurationName = Release;
		};
		C14A19CF256E57E200B1CFAB /* Build configuration list for PBXNativeTarget "todoApp" */ = {
			isa = XCConfigurationList;
			buildConfigurations = (
				C14A19D0256E57E200B1CFAB /* Debug */,
				C14A19D1256E57E200B1CFAB /* Release */,
			);
			defaultConfigurationIsVisible = 0;
			defaultConfigurationName = Release;
		};
/* End XCConfigurationList section */

/* Begin XCVersionGroup section */
		C14A19E0256FDF8A00B1CFAB /* DataModel.xcdatamodeld */ = {
			isa = XCVersionGroup;
			children = (
				C14A19E1256FDF8A00B1CFAB /* DataModel.xcdatamodel */,
			);
			currentVersion = C14A19E1256FDF8A00B1CFAB /* DataModel.xcdatamodel */;
			path = DataModel.xcdatamodeld;
			sourceTree = "<group>";
			versionGroupType = wrapper.xcdatamodel;
		};
/* End XCVersionGroup section */
	};
	rootObject = C14A19B3256E57E200B1CFAB /* Project object */;
}
